// !$*UTF8*$!
{
	archiveVersion = 1;
	classes = {
	};
	objectVersion = 50;
	objects = {

/* Begin PBXBuildFile section */
		1336E18523DD7DEF00DAAD3A /* AppDelegate.swift in Sources */ = {isa = PBXBuildFile; fileRef = 1336E18423DD7DEF00DAAD3A /* AppDelegate.swift */; };
		1336E18723DD7DEF00DAAD3A /* SceneDelegate.swift in Sources */ = {isa = PBXBuildFile; fileRef = 1336E18623DD7DEF00DAAD3A /* SceneDelegate.swift */; };
		1336E18923DD7DEF00DAAD3A /* LoginViewController.swift in Sources */ = {isa = PBXBuildFile; fileRef = 1336E18823DD7DEF00DAAD3A /* LoginViewController.swift */; };
		1336E18C23DD7DEF00DAAD3A /* Main.storyboard in Resources */ = {isa = PBXBuildFile; fileRef = 1336E18A23DD7DEF00DAAD3A /* Main.storyboard */; };
		1336E18E23DD7DF600DAAD3A /* Assets.xcassets in Resources */ = {isa = PBXBuildFile; fileRef = 1336E18D23DD7DF600DAAD3A /* Assets.xcassets */; };
		1336E19123DD7DF600DAAD3A /* LaunchScreen.storyboard in Resources */ = {isa = PBXBuildFile; fileRef = 1336E18F23DD7DF600DAAD3A /* LaunchScreen.storyboard */; };
		135BC6D323DD885500E5A4A8 /* FlickerClient.swift in Sources */ = {isa = PBXBuildFile; fileRef = 135BC6D223DD885500E5A4A8 /* FlickerClient.swift */; };
		135BC6D623DE8D6C00E5A4A8 /* PhotoResults.swift in Sources */ = {isa = PBXBuildFile; fileRef = 135BC6D523DE8D6C00E5A4A8 /* PhotoResults.swift */; };
		135BC6D823DE8FD900E5A4A8 /* Photo.swift in Sources */ = {isa = PBXBuildFile; fileRef = 135BC6D723DE8FD900E5A4A8 /* Photo.swift */; };
		135BC6DA23DE912100E5A4A8 /* PhotoModel.swift in Sources */ = {isa = PBXBuildFile; fileRef = 135BC6D923DE912100E5A4A8 /* PhotoModel.swift */; };
		135DEA9623DE94B800CC5606 /* SearchResult.swift in Sources */ = {isa = PBXBuildFile; fileRef = 135DEA9523DE94B800CC5606 /* SearchResult.swift */; };
		135DEA9823DE976500CC5606 /* SearchViewController.swift in Sources */ = {isa = PBXBuildFile; fileRef = 135DEA9723DE976500CC5606 /* SearchViewController.swift */; };
		135DEA9B23DEA00F00CC5606 /* Alert.swift in Sources */ = {isa = PBXBuildFile; fileRef = 135DEA9A23DEA00F00CC5606 /* Alert.swift */; };
/* End PBXBuildFile section */

/* Begin PBXFileReference section */
		1336E18123DD7DEF00DAAD3A /* FlickerDraft.app */ = {isa = PBXFileReference; explicitFileType = wrapper.application; includeInIndex = 0; path = FlickerDraft.app; sourceTree = BUILT_PRODUCTS_DIR; };
		1336E18423DD7DEF00DAAD3A /* AppDelegate.swift */ = {isa = PBXFileReference; lastKnownFileType = sourcecode.swift; path = AppDelegate.swift; sourceTree = "<group>"; };
		1336E18623DD7DEF00DAAD3A /* SceneDelegate.swift */ = {isa = PBXFileReference; lastKnownFileType = sourcecode.swift; path = SceneDelegate.swift; sourceTree = "<group>"; };
		1336E18823DD7DEF00DAAD3A /* LoginViewController.swift */ = {isa = PBXFileReference; lastKnownFileType = sourcecode.swift; path = LoginViewController.swift; sourceTree = "<group>"; };
		1336E18B23DD7DEF00DAAD3A /* Base */ = {isa = PBXFileReference; lastKnownFileType = file.storyboard; name = Base; path = Base.lproj/Main.storyboard; sourceTree = "<group>"; };
		1336E18D23DD7DF600DAAD3A /* Assets.xcassets */ = {isa = PBXFileReference; lastKnownFileType = folder.assetcatalog; path = Assets.xcassets; sourceTree = "<group>"; };
		1336E19023DD7DF600DAAD3A /* Base */ = {isa = PBXFileReference; lastKnownFileType = file.storyboard; name = Base; path = Base.lproj/LaunchScreen.storyboard; sourceTree = "<group>"; };
		1336E19223DD7DF600DAAD3A /* Info.plist */ = {isa = PBXFileReference; lastKnownFileType = text.plist.xml; path = Info.plist; sourceTree = "<group>"; };
		135BC6D223DD885500E5A4A8 /* FlickerClient.swift */ = {isa = PBXFileReference; lastKnownFileType = sourcecode.swift; path = FlickerClient.swift; sourceTree = "<group>"; };
		135BC6D523DE8D6C00E5A4A8 /* PhotoResults.swift */ = {isa = PBXFileReference; lastKnownFileType = sourcecode.swift; path = PhotoResults.swift; sourceTree = "<group>"; };
		135BC6D723DE8FD900E5A4A8 /* Photo.swift */ = {isa = PBXFileReference; lastKnownFileType = sourcecode.swift; path = Photo.swift; sourceTree = "<group>"; };
		135BC6D923DE912100E5A4A8 /* PhotoModel.swift */ = {isa = PBXFileReference; lastKnownFileType = sourcecode.swift; path = PhotoModel.swift; sourceTree = "<group>"; };
		135DEA9523DE94B800CC5606 /* SearchResult.swift */ = {isa = PBXFileReference; lastKnownFileType = sourcecode.swift; path = SearchResult.swift; sourceTree = "<group>"; };
		135DEA9723DE976500CC5606 /* SearchViewController.swift */ = {isa = PBXFileReference; lastKnownFileType = sourcecode.swift; path = SearchViewController.swift; sourceTree = "<group>"; };
		135DEA9A23DEA00F00CC5606 /* Alert.swift */ = {isa = PBXFileReference; lastKnownFileType = sourcecode.swift; path = Alert.swift; sourceTree = "<group>"; };
/* End PBXFileReference section */

/* Begin PBXFrameworksBuildPhase section */
		1336E17E23DD7DEF00DAAD3A /* Frameworks */ = {
			isa = PBXFrameworksBuildPhase;
			buildActionMask = 2147483647;
			files = (
			);
			runOnlyForDeploymentPostprocessing = 0;
		};
/* End PBXFrameworksBuildPhase section */

/* Begin PBXGroup section */
		1336E17823DD7DEF00DAAD3A = {
			isa = PBXGroup;
			children = (
				1336E18323DD7DEF00DAAD3A /* FlickerDraft */,
				1336E18223DD7DEF00DAAD3A /* Products */,
			);
			sourceTree = "<group>";
		};
		1336E18223DD7DEF00DAAD3A /* Products */ = {
			isa = PBXGroup;
			children = (
				1336E18123DD7DEF00DAAD3A /* FlickerDraft.app */,
			);
			name = Products;
			sourceTree = "<group>";
		};
		1336E18323DD7DEF00DAAD3A /* FlickerDraft */ = {
			isa = PBXGroup;
			children = (
				135DEA9923DEA00100CC5606 /* View */,
				1336E19A23DD7E9000DAAD3A /* Model */,
				1336E18423DD7DEF00DAAD3A /* AppDelegate.swift */,
				1336E18623DD7DEF00DAAD3A /* SceneDelegate.swift */,
				1336E19923DD7E7600DAAD3A /* Controller */,
				1336E19823DD7E4100DAAD3A /* Assets */,
				1336E19223DD7DF600DAAD3A /* Info.plist */,
			);
			path = FlickerDraft;
			sourceTree = "<group>";
		};
		1336E19823DD7E4100DAAD3A /* Assets */ = {
			isa = PBXGroup;
			children = (
				1336E18A23DD7DEF00DAAD3A /* Main.storyboard */,
				1336E18D23DD7DF600DAAD3A /* Assets.xcassets */,
				1336E18F23DD7DF600DAAD3A /* LaunchScreen.storyboard */,
			);
			path = Assets;
			sourceTree = "<group>";
		};
		1336E19923DD7E7600DAAD3A /* Controller */ = {
			isa = PBXGroup;
			children = (
				1336E18823DD7DEF00DAAD3A /* LoginViewController.swift */,
				135DEA9723DE976500CC5606 /* SearchViewController.swift */,
			);
			path = Controller;
			sourceTree = "<group>";
		};
		1336E19A23DD7E9000DAAD3A /* Model */ = {
			isa = PBXGroup;
			children = (
				135BC6D423DE8C4500E5A4A8 /* Flicker Response */,
				135BC6D123DD882200E5A4A8 /* Flicker Client */,
				135BC6D023DD881A00E5A4A8 /* Data */,
			);
			path = Model;
			sourceTree = "<group>";
		};
		135BC6D023DD881A00E5A4A8 /* Data */ = {
			isa = PBXGroup;
			children = (
				135BC6D923DE912100E5A4A8 /* PhotoModel.swift */,
			);
			path = Data;
			sourceTree = "<group>";
		};
		135BC6D123DD882200E5A4A8 /* Flicker Client */ = {
			isa = PBXGroup;
			children = (
				135BC6D223DD885500E5A4A8 /* FlickerClient.swift */,
			);
			path = "Flicker Client";
			sourceTree = "<group>";
		};
		135BC6D423DE8C4500E5A4A8 /* Flicker Response */ = {
			isa = PBXGroup;
			children = (
				135BC6D523DE8D6C00E5A4A8 /* PhotoResults.swift */,
				135BC6D723DE8FD900E5A4A8 /* Photo.swift */,
				135DEA9523DE94B800CC5606 /* SearchResult.swift */,
			);
			path = "Flicker Response";
			sourceTree = "<group>";
		};
		135DEA9923DEA00100CC5606 /* View */ = {
			isa = PBXGroup;
			children = (
				135DEA9A23DEA00F00CC5606 /* Alert.swift */,
			);
			path = View;
			sourceTree = "<group>";
		};
/* End PBXGroup section */

/* Begin PBXNativeTarget section */
		1336E18023DD7DEF00DAAD3A /* FlickerDraft */ = {
			isa = PBXNativeTarget;
			buildConfigurationList = 1336E19523DD7DF600DAAD3A /* Build configuration list for PBXNativeTarget "FlickerDraft" */;
			buildPhases = (
				1336E17D23DD7DEF00DAAD3A /* Sources */,
				1336E17E23DD7DEF00DAAD3A /* Frameworks */,
				1336E17F23DD7DEF00DAAD3A /* Resources */,
			);
			buildRules = (
			);
			dependencies = (
			);
			name = FlickerDraft;
			productName = FlickerDraft;
			productReference = 1336E18123DD7DEF00DAAD3A /* FlickerDraft.app */;
			productType = "com.apple.product-type.application";
		};
/* End PBXNativeTarget section */

/* Begin PBXProject section */
		1336E17923DD7DEF00DAAD3A /* Project object */ = {
			isa = PBXProject;
			attributes = {
				LastSwiftUpdateCheck = 1130;
				LastUpgradeCheck = 1130;
				ORGANIZATIONNAME = "Haibo Family";
				TargetAttributes = {
					1336E18023DD7DEF00DAAD3A = {
						CreatedOnToolsVersion = 11.3;
					};
				};
			};
			buildConfigurationList = 1336E17C23DD7DEF00DAAD3A /* Build configuration list for PBXProject "FlickerDraft" */;
			compatibilityVersion = "Xcode 9.3";
			developmentRegion = en;
			hasScannedForEncodings = 0;
			knownRegions = (
				en,
				Base,
			);
			mainGroup = 1336E17823DD7DEF00DAAD3A;
			productRefGroup = 1336E18223DD7DEF00DAAD3A /* Products */;
			projectDirPath = "";
			projectRoot = "";
			targets = (
				1336E18023DD7DEF00DAAD3A /* FlickerDraft */,
			);
		};
/* End PBXProject section */

/* Begin PBXResourcesBuildPhase section */
		1336E17F23DD7DEF00DAAD3A /* Resources */ = {
			isa = PBXResourcesBuildPhase;
			buildActionMask = 2147483647;
			files = (
				1336E19123DD7DF600DAAD3A /* LaunchScreen.storyboard in Resources */,
				1336E18E23DD7DF600DAAD3A /* Assets.xcassets in Resources */,
				1336E18C23DD7DEF00DAAD3A /* Main.storyboard in Resources */,
			);
			runOnlyForDeploymentPostprocessing = 0;
		};
/* End PBXResourcesBuildPhase section */

/* Begin PBXSourcesBuildPhase section */
		1336E17D23DD7DEF00DAAD3A /* Sources */ = {
			isa = PBXSourcesBuildPhase;
			buildActionMask = 2147483647;
			files = (
				135BC6D823DE8FD900E5A4A8 /* Photo.swift in Sources */,
				135BC6D623DE8D6C00E5A4A8 /* PhotoResults.swift in Sources */,
				135DEA9623DE94B800CC5606 /* SearchResult.swift in Sources */,
				135DEA9823DE976500CC5606 /* SearchViewController.swift in Sources */,
				1336E18923DD7DEF00DAAD3A /* LoginViewController.swift in Sources */,
				135BC6DA23DE912100E5A4A8 /* PhotoModel.swift in Sources */,
				135BC6D323DD885500E5A4A8 /* FlickerClient.swift in Sources */,
				1336E18523DD7DEF00DAAD3A /* AppDelegate.swift in Sources */,
				135DEA9B23DEA00F00CC5606 /* Alert.swift in Sources */,
				1336E18723DD7DEF00DAAD3A /* SceneDelegate.swift in Sources */,
			);
			runOnlyForDeploymentPostprocessing = 0;
		};
/* End PBXSourcesBuildPhase section */

/* Begin PBXVariantGroup section */
		1336E18A23DD7DEF00DAAD3A /* Main.storyboard */ = {
			isa = PBXVariantGroup;
			children = (
				1336E18B23DD7DEF00DAAD3A /* Base */,
			);
			name = Main.storyboard;
			sourceTree = "<group>";
		};
		1336E18F23DD7DF600DAAD3A /* LaunchScreen.storyboard */ = {
			isa = PBXVariantGroup;
			children = (
				1336E19023DD7DF600DAAD3A /* Base */,
			);
			name = LaunchScreen.storyboard;
			sourceTree = "<group>";
		};
/* End PBXVariantGroup section */

/* Begin XCBuildConfiguration section */
		1336E19323DD7DF600DAAD3A /* Debug */ = {
			isa = XCBuildConfiguration;
			buildSettings = {
				ALWAYS_SEARCH_USER_PATHS = NO;
				CLANG_ANALYZER_NONNULL = YES;
				CLANG_ANALYZER_NUMBER_OBJECT_CONVERSION = YES_AGGRESSIVE;
				CLANG_CXX_LANGUAGE_STANDARD = "gnu++14";
				CLANG_CXX_LIBRARY = "libc++";
				CLANG_ENABLE_MODULES = YES;
				CLANG_ENABLE_OBJC_ARC = YES;
				CLANG_ENABLE_OBJC_WEAK = YES;
				CLANG_WARN_BLOCK_CAPTURE_AUTORELEASING = YES;
				CLANG_WARN_BOOL_CONVERSION = YES;
				CLANG_WARN_COMMA = YES;
				CLANG_WARN_CONSTANT_CONVERSION = YES;
				CLANG_WARN_DEPRECATED_OBJC_IMPLEMENTATIONS = YES;
				CLANG_WARN_DIRECT_OBJC_ISA_USAGE = YES_ERROR;
				CLANG_WARN_DOCUMENTATION_COMMENTS = YES;
				CLANG_WARN_EMPTY_BODY = YES;
				CLANG_WARN_ENUM_CONVERSION = YES;
				CLANG_WARN_INFINITE_RECURSION = YES;
				CLANG_WARN_INT_CONVERSION = YES;
				CLANG_WARN_NON_LITERAL_NULL_CONVERSION = YES;
				CLANG_WARN_OBJC_IMPLICIT_RETAIN_SELF = YES;
				CLANG_WARN_OBJC_LITERAL_CONVERSION = YES;
				CLANG_WARN_OBJC_ROOT_CLASS = YES_ERROR;
				CLANG_WARN_RANGE_LOOP_ANALYSIS = YES;
				CLANG_WARN_STRICT_PROTOTYPES = YES;
				CLANG_WARN_SUSPICIOUS_MOVE = YES;
				CLANG_WARN_UNGUARDED_AVAILABILITY = YES_AGGRESSIVE;
				CLANG_WARN_UNREACHABLE_CODE = YES;
				CLANG_WARN__DUPLICATE_METHOD_MATCH = YES;
				COPY_PHASE_STRIP = NO;
				DEBUG_INFORMATION_FORMAT = dwarf;
				ENABLE_STRICT_OBJC_MSGSEND = YES;
				ENABLE_TESTABILITY = YES;
				GCC_C_LANGUAGE_STANDARD = gnu11;
				GCC_DYNAMIC_NO_PIC = NO;
				GCC_NO_COMMON_BLOCKS = YES;
				GCC_OPTIMIZATION_LEVEL = 0;
				GCC_PREPROCESSOR_DEFINITIONS = (
					"DEBUG=1",
					"$(inherited)",
				);
				GCC_WARN_64_TO_32_BIT_CONVERSION = YES;
				GCC_WARN_ABOUT_RETURN_TYPE = YES_ERROR;
				GCC_WARN_UNDECLARED_SELECTOR = YES;
				GCC_WARN_UNINITIALIZED_AUTOS = YES_AGGRESSIVE;
				GCC_WARN_UNUSED_FUNCTION = YES;
				GCC_WARN_UNUSED_VARIABLE = YES;
				IPHONEOS_DEPLOYMENT_TARGET = 13.2;
				MTL_ENABLE_DEBUG_INFO = INCLUDE_SOURCE;
				MTL_FAST_MATH = YES;
				ONLY_ACTIVE_ARCH = YES;
				SDKROOT = iphoneos;
				SWIFT_ACTIVE_COMPILATION_CONDITIONS = DEBUG;
				SWIFT_OPTIMIZATION_LEVEL = "-Onone";
			};
			name = Debug;
		};
		1336E19423DD7DF600DAAD3A /* Release */ = {
			isa = XCBuildConfiguration;
			buildSettings = {
				ALWAYS_SEARCH_USER_PATHS = NO;
				CLANG_ANALYZER_NONNULL = YES;
				CLANG_ANALYZER_NUMBER_OBJECT_CONVERSION = YES_AGGRESSIVE;
				CLANG_CXX_LANGUAGE_STANDARD = "gnu++14";
				CLANG_CXX_LIBRARY = "libc++";
				CLANG_ENABLE_MODULES = YES;
				CLANG_ENABLE_OBJC_ARC = YES;
				CLANG_ENABLE_OBJC_WEAK = YES;
				CLANG_WARN_BLOCK_CAPTURE_AUTORELEASING = YES;
				CLANG_WARN_BOOL_CONVERSION = YES;
				CLANG_WARN_COMMA = YES;
				CLANG_WARN_CONSTANT_CONVERSION = YES;
				CLANG_WARN_DEPRECATED_OBJC_IMPLEMENTATIONS = YES;
				CLANG_WARN_DIRECT_OBJC_ISA_USAGE = YES_ERROR;
				CLANG_WARN_DOCUMENTATION_COMMENTS = YES;
				CLANG_WARN_EMPTY_BODY = YES;
				CLANG_WARN_ENUM_CONVERSION = YES;
				CLANG_WARN_INFINITE_RECURSION = YES;
				CLANG_WARN_INT_CONVERSION = YES;
				CLANG_WARN_NON_LITERAL_NULL_CONVERSION = YES;
				CLANG_WARN_OBJC_IMPLICIT_RETAIN_SELF = YES;
				CLANG_WARN_OBJC_LITERAL_CONVERSION = YES;
				CLANG_WARN_OBJC_ROOT_CLASS = YES_ERROR;
				CLANG_WARN_RANGE_LOOP_ANALYSIS = YES;
				CLANG_WARN_STRICT_PROTOTYPES = YES;
				CLANG_WARN_SUSPICIOUS_MOVE = YES;
				CLANG_WARN_UNGUARDED_AVAILABILITY = YES_AGGRESSIVE;
				CLANG_WARN_UNREACHABLE_CODE = YES;
				CLANG_WARN__DUPLICATE_METHOD_MATCH = YES;
				COPY_PHASE_STRIP = NO;
				DEBUG_INFORMATION_FORMAT = "dwarf-with-dsym";
				ENABLE_NS_ASSERTIONS = NO;
				ENABLE_STRICT_OBJC_MSGSEND = YES;
				GCC_C_LANGUAGE_STANDARD = gnu11;
				GCC_NO_COMMON_BLOCKS = YES;
				GCC_WARN_64_TO_32_BIT_CONVERSION = YES;
				GCC_WARN_ABOUT_RETURN_TYPE = YES_ERROR;
				GCC_WARN_UNDECLARED_SELECTOR = YES;
				GCC_WARN_UNINITIALIZED_AUTOS = YES_AGGRESSIVE;
				GCC_WARN_UNUSED_FUNCTION = YES;
				GCC_WARN_UNUSED_VARIABLE = YES;
				IPHONEOS_DEPLOYMENT_TARGET = 13.2;
				MTL_ENABLE_DEBUG_INFO = NO;
				MTL_FAST_MATH = YES;
				SDKROOT = iphoneos;
				SWIFT_COMPILATION_MODE = wholemodule;
				SWIFT_OPTIMIZATION_LEVEL = "-O";
				VALIDATE_PRODUCT = YES;
			};
			name = Release;
		};
		1336E19623DD7DF600DAAD3A /* Debug */ = {
			isa = XCBuildConfiguration;
			buildSettings = {
				ASSETCATALOG_COMPILER_APPICON_NAME = AppIcon;
				CODE_SIGN_STYLE = Automatic;
				DEVELOPMENT_TEAM = BV97A5VZCV;
				INFOPLIST_FILE = FlickerDraft/Info.plist;
				LD_RUNPATH_SEARCH_PATHS = (
					"$(inherited)",
					"@executable_path/Frameworks",
				);
				PRODUCT_BUNDLE_IDENTIFIER = com.chuckworld.ios.FlickerDraft;
				PRODUCT_NAME = "$(TARGET_NAME)";
				SWIFT_VERSION = 5.0;
				TARGETED_DEVICE_FAMILY = "1,2";
			};
			name = Debug;
		};
		1336E19723DD7DF600DAAD3A /* Release */ = {
			isa = XCBuildConfiguration;
			buildSettings = {
				ASSETCATALOG_COMPILER_APPICON_NAME = AppIcon;
				CODE_SIGN_STYLE = Automatic;
				DEVELOPMENT_TEAM = BV97A5VZCV;
				INFOPLIST_FILE = FlickerDraft/Info.plist;
				LD_RUNPATH_SEARCH_PATHS = (
					"$(inherited)",
					"@executable_path/Frameworks",
				);
				PRODUCT_BUNDLE_IDENTIFIER = com.chuckworld.ios.FlickerDraft;
				PRODUCT_NAME = "$(TARGET_NAME)";
				SWIFT_VERSION = 5.0;
				TARGETED_DEVICE_FAMILY = "1,2";
			};
			name = Release;
		};
/* End XCBuildConfiguration section */

/* Begin XCConfigurationList section */
		1336E17C23DD7DEF00DAAD3A /* Build configuration list for PBXProject "FlickerDraft" */ = {
			isa = XCConfigurationList;
			buildConfigurations = (
				1336E19323DD7DF600DAAD3A /* Debug */,
				1336E19423DD7DF600DAAD3A /* Release */,
			);
			defaultConfigurationIsVisible = 0;
			defaultConfigurationName = Release;
		};
		1336E19523DD7DF600DAAD3A /* Build configuration list for PBXNativeTarget "FlickerDraft" */ = {
			isa = XCConfigurationList;
			buildConfigurations = (
				1336E19623DD7DF600DAAD3A /* Debug */,
				1336E19723DD7DF600DAAD3A /* Release */,
			);
			defaultConfigurationIsVisible = 0;
			defaultConfigurationName = Release;
		};
/* End XCConfigurationList section */
	};
	rootObject = 1336E17923DD7DEF00DAAD3A /* Project object */;
}
